
Microsoft Visual Studio Solution File, Format Version 12.00
# Visual Studio Version 17
VisualStudioVersion = 17.0.31903.59
MinimumVisualStudioVersion = 10.0.40219.1
Project("{2150E333-8FDC-42A3-9474-1A3956D46DE8}") = "src", "src", "{827E0CD3-B72D-47B6-A68D-7590B98EB39B}"
EndProject
Project("{FAE04EC0-301F-11D3-BF4B-00C04F79EFBC}") = "Paperdown.App", "src\Paperdown.App\Paperdown.App.csproj", "{07E09FE1-DBCB-4796-AE25-9E1F12BB6B79}"
EndProject
Project("{FAE04EC0-301F-11D3-BF4B-00C04F79EFBC}") = "Paperdown.Core", "src\Paperdown.Core\Paperdown.Core.csproj", "{00385E75-91AB-4521-8B12-3EDD17F18940}"
EndProject
Project("{FAE04EC0-301F-11D3-BF4B-00C04F79EFBC}") = "Paperdown.Markdown", "src\Paperdown.Markdown\Paperdown.Markdown.csproj", "{5F7091F3-9279-4D66-8DF0-11A04371CF24}"
EndProject
Project("{FAE04EC0-301F-11D3-BF4B-00C04F79EFBC}") = "Paperdown.Rendering", "src\Paperdown.Rendering\Paperdown.Rendering.csproj", "{03C8E430-8E01-494A-85DF-279E9CB40A02}"
EndProject
Project("{FAE04EC0-301F-11D3-BF4B-00C04F79EFBC}") = "Paperdown.Pdf", "src\Paperdown.Pdf\Paperdown.Pdf.csproj", "{E0590941-3511-409E-AD71-9D49B0A5796A}"
EndProject
Project("{FAE04EC0-301F-11D3-BF4B-00C04F79EFBC}") = "Paperdown.Cli", "src\Paperdown.Cli\Paperdown.Cli.csproj", "{B1401304-B443-4255-B858-000410B2E47B}"
EndProject
Project("{2150E333-8FDC-42A3-9474-1A3956D46DE8}") = "tests", "tests", "{0AB3BF05-4346-4AA6-1389-037BE0695223}"
EndProject
Project("{FAE04EC0-301F-11D3-BF4B-00C04F79EFBC}") = "Paperdown.Tests", "tests\Paperdown.Tests\Paperdown.Tests.csproj", "{F79EA189-5AC3-4E7A-8D98-E70A13EFBB85}"
EndProject
Global
	GlobalSection(SolutionConfigurationPlatforms) = preSolution
		Debug|Any CPU = Debug|Any CPU
		Debug|x64 = Debug|x64
		Debug|x86 = Debug|x86
		Debug|ARM64 = Debug|ARM64
		Release|Any CPU = Release|Any CPU
		Release|x64 = Release|x64
		Release|x86 = Release|x86
		Release|ARM64 = Release|ARM64
	EndGlobalSection
	GlobalSection(ProjectConfigurationPlatforms) = postSolution
		{07E09FE1-DBCB-4796-AE25-9E1F12BB6B79}.Debug|Any CPU.ActiveCfg = Debug|x64
		{07E09FE1-DBCB-4796-AE25-9E1F12BB6B79}.Debug|Any CPU.Build.0 = Debug|x64
		{07E09FE1-DBCB-4796-AE25-9E1F12BB6B79}.Debug|x64.ActiveCfg = Debug|x64
		{07E09FE1-DBCB-4796-AE25-9E1F12BB6B79}.Debug|x64.Build.0 = Debug|x64
		{07E09FE1-DBCB-4796-AE25-9E1F12BB6B79}.Debug|x86.ActiveCfg = Debug|x86
		{07E09FE1-DBCB-4796-AE25-9E1F12BB6B79}.Debug|x86.Build.0 = Debug|x86
		{07E09FE1-DBCB-4796-AE25-9E1F12BB6B79}.Release|Any CPU.ActiveCfg = Release|x64
		{07E09FE1-DBCB-4796-AE25-9E1F12BB6B79}.Release|Any CPU.Build.0 = Release|x64
		{07E09FE1-DBCB-4796-AE25-9E1F12BB6B79}.Debug|ARM64.ActiveCfg = Debug|ARM64
		{07E09FE1-DBCB-4796-AE25-9E1F12BB6B79}.Debug|ARM64.Build.0 = Debug|ARM64
		{07E09FE1-DBCB-4796-AE25-9E1F12BB6B79}.Release|ARM64.ActiveCfg = Release|ARM64
		{07E09FE1-DBCB-4796-AE25-9E1F12BB6B79}.Release|ARM64.Build.0 = Release|ARM64
		{07E09FE1-DBCB-4796-AE25-9E1F12BB6B79}.Release|x64.ActiveCfg = Release|x64
		{07E09FE1-DBCB-4796-AE25-9E1F12BB6B79}.Release|x64.Build.0 = Release|x64
		{07E09FE1-DBCB-4796-AE25-9E1F12BB6B79}.Release|x86.ActiveCfg = Release|x86
		{07E09FE1-DBCB-4796-AE25-9E1F12BB6B79}.Release|x86.Build.0 = Release|x86
		{00385E75-91AB-4521-8B12-3EDD17F18940}.Debug|Any CPU.ActiveCfg = Debug|Any CPU
		{00385E75-91AB-4521-8B12-3EDD17F18940}.Debug|Any CPU.Build.0 = Debug|Any CPU
		{00385E75-91AB-4521-8B12-3EDD17F18940}.Debug|x64.ActiveCfg = Debug|Any CPU
		{00385E75-91AB-4521-8B12-3EDD17F18940}.Debug|x64.Build.0 = Debug|Any CPU
		{00385E75-91AB-4521-8B12-3EDD17F18940}.Debug|x86.ActiveCfg = Debug|Any CPU
		{00385E75-91AB-4521-8B12-3EDD17F18940}.Debug|x86.Build.0 = Debug|Any CPU
		{00385E75-91AB-4521-8B12-3EDD17F18940}.Release|Any CPU.ActiveCfg = Release|Any CPU
		{00385E75-91AB-4521-8B12-3EDD17F18940}.Release|Any CPU.Build.0 = Release|Any CPU
		{00385E75-91AB-4521-8B12-3EDD17F18940}.Release|x64.ActiveCfg = Release|Any CPU
		{00385E75-91AB-4521-8B12-3EDD17F18940}.Release|x64.Build.0 = Release|Any CPU
		{00385E75-91AB-4521-8B12-3EDD17F18940}.Release|x86.ActiveCfg = Release|Any CPU
		{00385E75-91AB-4521-8B12-3EDD17F18940}.Release|x86.Build.0 = Release|Any CPU
		{5F7091F3-9279-4D66-8DF0-11A04371CF24}.Debug|Any CPU.ActiveCfg = Debug|Any CPU
		{5F7091F3-9279-4D66-8DF0-11A04371CF24}.Debug|Any CPU.Build.0 = Debug|Any CPU
		{5F7091F3-9279-4D66-8DF0-11A04371CF24}.Debug|x64.ActiveCfg = Debug|Any CPU
		{5F7091F3-9279-4D66-8DF0-11A04371CF24}.Debug|x64.Build.0 = Debug|Any CPU
		{5F7091F3-9279-4D66-8DF0-11A04371CF24}.Debug|x86.ActiveCfg = Debug|Any CPU
		{5F7091F3-9279-4D66-8DF0-11A04371CF24}.Debug|x86.Build.0 = Debug|Any CPU
		{5F7091F3-9279-4D66-8DF0-11A04371CF24}.Release|Any CPU.ActiveCfg = Release|Any CPU
		{5F7091F3-9279-4D66-8DF0-11A04371CF24}.Release|Any CPU.Build.0 = Release|Any CPU
		{5F7091F3-9279-4D66-8DF0-11A04371CF24}.Release|x64.ActiveCfg = Release|Any CPU
		{5F7091F3-9279-4D66-8DF0-11A04371CF24}.Release|x64.Build.0 = Release|Any CPU
		{5F7091F3-9279-4D66-8DF0-11A04371CF24}.Release|x86.ActiveCfg = Release|Any CPU
		{5F7091F3-9279-4D66-8DF0-11A04371CF24}.Release|x86.Build.0 = Release|Any CPU
		{03C8E430-8E01-494A-85DF-279E9CB40A02}.Debug|Any CPU.ActiveCfg = Debug|Any CPU
		{03C8E430-8E01-494A-85DF-279E9CB40A02}.Debug|Any CPU.Build.0 = Debug|Any CPU
		{03C8E430-8E01-494A-85DF-279E9CB40A02}.Debug|x64.ActiveCfg = Debug|Any CPU
		{03C8E430-8E01-494A-85DF-279E9CB40A02}.Debug|x64.Build.0 = Debug|Any CPU
		{03C8E430-8E01-494A-85DF-279E9CB40A02}.Debug|x86.ActiveCfg = Debug|Any CPU
		{03C8E430-8E01-494A-85DF-279E9CB40A02}.Debug|x86.Build.0 = Debug|Any CPU
		{03C8E430-8E01-494A-85DF-279E9CB40A02}.Release|Any CPU.ActiveCfg = Release|Any CPU
		{03C8E430-8E01-494A-85DF-279E9CB40A02}.Release|Any CPU.Build.0 = Release|Any CPU
		{03C8E430-8E01-494A-85DF-279E9CB40A02}.Release|x64.ActiveCfg = Release|Any CPU
		{03C8E430-8E01-494A-85DF-279E9CB40A02}.Release|x64.Build.0 = Release|Any CPU
		{03C8E430-8E01-494A-85DF-279E9CB40A02}.Release|x86.ActiveCfg = Release|Any CPU
		{03C8E430-8E01-494A-85DF-279E9CB40A02}.Release|x86.Build.0 = Release|Any CPU
		{E0590941-3511-409E-AD71-9D49B0A5796A}.Debug|Any CPU.ActiveCfg = Debug|Any CPU
		{E0590941-3511-409E-AD71-9D49B0A5796A}.Debug|Any CPU.Build.0 = Debug|Any CPU
		{E0590941-3511-409E-AD71-9D49B0A5796A}.Debug|x64.ActiveCfg = Debug|Any CPU
		{E0590941-3511-409E-AD71-9D49B0A5796A}.Debug|x64.Build.0 = Debug|Any CPU
		{E0590941-3511-409E-AD71-9D49B0A5796A}.Debug|x86.ActiveCfg = Debug|Any CPU
		{E0590941-3511-409E-AD71-9D49B0A5796A}.Debug|x86.Build.0 = Debug|Any CPU
		{E0590941-3511-409E-AD71-9D49B0A5796A}.Release|Any CPU.ActiveCfg = Release|Any CPU
		{E0590941-3511-409E-AD71-9D49B0A5796A}.Release|Any CPU.Build.0 = Release|Any CPU
		{E0590941-3511-409E-AD71-9D49B0A5796A}.Release|x64.ActiveCfg = Release|Any CPU
		{E0590941-3511-409E-AD71-9D49B0A5796A}.Release|x64.Build.0 = Release|Any CPU
		{E0590941-3511-409E-AD71-9D49B0A5796A}.Release|x86.ActiveCfg = Release|Any CPU
		{E0590941-3511-409E-AD71-9D49B0A5796A}.Release|x86.Build.0 = Release|Any CPU
		{B1401304-B443-4255-B858-000410B2E47B}.Debug|Any CPU.ActiveCfg = Debug|Any CPU
		{B1401304-B443-4255-B858-000410B2E47B}.Debug|Any CPU.Build.0 = Debug|Any CPU
		{B1401304-B443-4255-B858-000410B2E47B}.Debug|x64.ActiveCfg = Debug|Any CPU
		{B1401304-B443-4255-B858-000410B2E47B}.Debug|x64.Build.0 = Debug|Any CPU
		{B1401304-B443-4255-B858-000410B2E47B}.Debug|x86.ActiveCfg = Debug|Any CPU
		{B1401304-B443-4255-B858-000410B2E47B}.Debug|x86.Build.0 = Debug|Any CPU
		{B1401304-B443-4255-B858-000410B2E47B}.Release|Any CPU.ActiveCfg = Release|Any CPU
		{B1401304-B443-4255-B858-000410B2E47B}.Release|Any CPU.Build.0 = Release|Any CPU
		{B1401304-B443-4255-B858-000410B2E47B}.Release|x64.ActiveCfg = Release|Any CPU
		{B1401304-B443-4255-B858-000410B2E47B}.Release|x64.Build.0 = Release|Any CPU
		{B1401304-B443-4255-B858-000410B2E47B}.Release|x86.ActiveCfg = Release|Any CPU
		{B1401304-B443-4255-B858-000410B2E47B}.Release|x86.Build.0 = Release|Any CPU
		{F79EA189-5AC3-4E7A-8D98-E70A13EFBB85}.Debug|Any CPU.ActiveCfg = Debug|Any CPU
		{F79EA189-5AC3-4E7A-8D98-E70A13EFBB85}.Debug|Any CPU.Build.0 = Debug|Any CPU
		{F79EA189-5AC3-4E7A-8D98-E70A13EFBB85}.Debug|x64.ActiveCfg = Debug|Any CPU
		{F79EA189-5AC3-4E7A-8D98-E70A13EFBB85}.Debug|x64.Build.0 = Debug|Any CPU
		{F79EA189-5AC3-4E7A-8D98-E70A13EFBB85}.Debug|x86.ActiveCfg = Debug|Any CPU
		{F79EA189-5AC3-4E7A-8D98-E70A13EFBB85}.Debug|x86.Build.0 = Debug|Any CPU
		{F79EA189-5AC3-4E7A-8D98-E70A13EFBB85}.Release|Any CPU.ActiveCfg = Release|Any CPU
		{F79EA189-5AC3-4E7A-8D98-E70A13EFBB85}.Release|Any CPU.Build.0 = Release|Any CPU
		{F79EA189-5AC3-4E7A-8D98-E70A13EFBB85}.Release|x64.ActiveCfg = Release|Any CPU
		{F79EA189-5AC3-4E7A-8D98-E70A13EFBB85}.Release|x64.Build.0 = Release|Any CPU
		{F79EA189-5AC3-4E7A-8D98-E70A13EFBB85}.Release|x86.ActiveCfg = Release|Any CPU
		{F79EA189-5AC3-4E7A-8D98-E70A13EFBB85}.Release|x86.Build.0 = Release|Any CPU
	EndGlobalSection
	GlobalSection(SolutionProperties) = preSolution
		HideSolutionNode = FALSE
	EndGlobalSection
	GlobalSection(NestedProjects) = preSolution
		{07E09FE1-DBCB-4796-AE25-9E1F12BB6B79} = {827E0CD3-B72D-47B6-A68D-7590B98EB39B}
		{00385E75-91AB-4521-8B12-3EDD17F18940} = {827E0CD3-B72D-47B6-A68D-7590B98EB39B}
		{5F7091F3-9279-4D66-8DF0-11A04371CF24} = {827E0CD3-B72D-47B6-A68D-7590B98EB39B}
		{03C8E430-8E01-494A-85DF-279E9CB40A02} = {827E0CD3-B72D-47B6-A68D-7590B98EB39B}
		{E0590941-3511-409E-AD71-9D49B0A5796A} = {827E0CD3-B72D-47B6-A68D-7590B98EB39B}
		{B1401304-B443-4255-B858-000410B2E47B} = {827E0CD3-B72D-47B6-A68D-7590B98EB39B}
		{F79EA189-5AC3-4E7A-8D98-E70A13EFBB85} = {0AB3BF05-4346-4AA6-1389-037BE0695223}
	EndGlobalSection
EndGlobal
